
Microsoft Visual Studio Solution File, Format Version 12.00
# Visual Studio Version 17
VisualStudioVersion = 17.0.31903.59
MinimumVisualStudioVersion = 10.0.40219.1
Project("{2150E333-8FDC-42A3-9474-1A3956D46DE8}") = "src", "src", "{F7DBA005-8370-450C-B732-6ED41712E4BE}"
EndProject
Project("{2150E333-8FDC-42A3-9474-1A3956D46DE8}") = "tests", "tests", "{C1A843F3-2E4E-4A49-8911-CB900A971ABA}"
EndProject
Project("{2150E333-8FDC-42A3-9474-1A3956D46DE8}") = "Core", "Core", "{F8F075F4-01C2-4DB1-90CA-0D02DC8B4B88}"
EndProject
Project("{2150E333-8FDC-42A3-9474-1A3956D46DE8}") = "Api", "Api", "{508C0111-BB85-4609-8EEC-66D22527F6F1}"
EndProject
Project("{2150E333-8FDC-42A3-9474-1A3956D46DE8}") = "Governance", "Governance", "{179129C6-8C40-45BF-B302-81C7E7862010}"
EndProject
Project("{2150E333-8FDC-42A3-9474-1A3956D46DE8}") = "Identity", "Identity", "{53F55E1A-8C04-4EFA-A68E-A6AC90A420F1}"
EndProject
Project("{2150E333-8FDC-42A3-9474-1A3956D46DE8}") = "Intelligence", "Intelligence", "{282B817A-8CDA-40C2-B0B9-57C33788E7E4}"
EndProject
Project("{2150E333-8FDC-42A3-9474-1A3956D46DE8}") = "Agents", "Agents", "{C5D33770-CD5C-4524-B9F6-B5AEF2143410}"
EndProject
Project("{2150E333-8FDC-42A3-9474-1A3956D46DE8}") = "Orchestration", "Orchestration", "{67096D67-AF55-46A1-96F6-BE563699FE7F}"
EndProject
Project("{2150E333-8FDC-42A3-9474-1A3956D46DE8}") = "Workflow", "Workflow", "{8B59B645-7E87-4E44-9D09-CF69E4E219D0}"
EndProject
Project("{2150E333-8FDC-42A3-9474-1A3956D46DE8}") = "Strategy", "Strategy", "{B7C68822-4D3A-41DA-9042-BBAB0BB0D447}"
EndProject
Project("{2150E333-8FDC-42A3-9474-1A3956D46DE8}") = "Infrastructure", "Infrastructure", "{CA030033-7D63-40D3-9DD7-732E75E9C82E}"
EndProject
Project("{2150E333-8FDC-42A3-9474-1A3956D46DE8}") = "Enterprise", "Enterprise", "{925C92FA-6AE1-4D56-A777-DFF34CA1A7F8}"
EndProject
Project("{FAE04EC0-301F-11D3-BF4B-00A060C34D24}") = "ArchonAI.Core", "archonai/src/ArchonAI.Core/ArchonAI.Core.csproj", "{2117FF12-1AD6-4947-B80B-DB599329700D}"
EndProject
Project("{FAE04EC0-301F-11D3-BF4B-00A060C34D24}") = "ArchonAI.Common", "archonai/src/ArchonAI.Common/ArchonAI.Common.csproj", "{ED22BE91-A46D-4F8C-B9D0-1AF88676C498}"
EndProject
Project("{FAE04EC0-301F-11D3-BF4B-00A060C34D24}") = "ArchonAI.Models", "archonai/src/ArchonAI.Models/ArchonAI.Models.csproj", "{F1A873B4-B693-4B27-9F94-038FFFA506F0}"
EndProject
Project("{FAE04EC0-301F-11D3-BF4B-00A060C34D24}") = "ArchonAI.Api", "archonai/src/ArchonAI.Api/ArchonAI.Api.csproj", "{7F954D4D-38BB-4621-8BD5-357284060384}"
EndProject
Project("{FAE04EC0-301F-11D3-BF4B-00A060C34D24}") = "ArchonAI.AdminAPI", "archonai/src/ArchonAI.AdminAPI/ArchonAI.AdminAPI.csproj", "{4609AF7E-C772-4D3D-8BEF-542C3DD24F51}"
EndProject
Project("{FAE04EC0-301F-11D3-BF4B-00A060C34D24}") = "ArchonAI.Gateway", "archonai/src/ArchonAI.Gateway/ArchonAI.Gateway.csproj", "{811B9041-C08D-4CBE-BC4C-C2D549184CE5}"
EndProject
Project("{FAE04EC0-301F-11D3-BF4B-00A060C34D24}") = "ArchonAI.Governance", "archonai/src/ArchonAI.Governance/ArchonAI.Governance.csproj", "{ACE6F6BC-2E55-422A-81D7-D41CC6DA9E1A}"
EndProject
Project("{FAE04EC0-301F-11D3-BF4B-00A060C34D24}") = "ArchonAI.Policy", "archonai/src/ArchonAI.Policy/ArchonAI.Policy.csproj", "{3755CA12-67E6-497F-A01A-2F962D85C6F3}"
EndProject
Project("{FAE04EC0-301F-11D3-BF4B-00A060C34D24}") = "ArchonAI.Trace", "archonai/src/ArchonAI.Trace/ArchonAI.Trace.csproj", "{65443533-A952-45AF-8331-8D1A60AF205B}"
EndProject
Project("{FAE04EC0-301F-11D3-BF4B-00A060C34D24}") = "ArchonAI.Identity", "archonai/src/ArchonAI.Identity/ArchonAI.Identity.csproj", "{D91A74C0-9BAB-40B2-B864-D8DC1861318B}"
EndProject
Project("{FAE04EC0-301F-11D3-BF4B-00A060C34D24}") = "ArchonAI.MultiTenant", "archonai/src/ArchonAI.MultiTenant/ArchonAI.MultiTenant.csproj", "{59FD0A01-1D74-4859-A659-CEE77F55ACB6}"
EndProject
Project("{FAE04EC0-301F-11D3-BF4B-00A060C34D24}") = "ArchonAI.Reasoner", "archonai/src/ArchonAI.Reasoner/ArchonAI.Reasoner.csproj", "{9A92B8C0-62C5-4BFE-A722-1A698464014C}"
EndProject
Project("{FAE04EC0-301F-11D3-BF4B-00A060C34D24}") = "ArchonAI.IntelligenceLoop", "archonai/src/ArchonAI.IntelligenceLoop/ArchonAI.IntelligenceLoop.csproj", "{93B459C9-0C4B-4168-9AAA-4E7C904D7004}"
EndProject
Project("{FAE04EC0-301F-11D3-BF4B-00A060C34D24}") = "ArchonAI.Learning", "archonai/src/ArchonAI.Learning/ArchonAI.Learning.csproj", "{D60A810B-1066-4624-A617-C3BA49A16C48}"
EndProject
Project("{FAE04EC0-301F-11D3-BF4B-00A060C34D24}") = "ArchonAI.PatternDiscovery", "archonai/src/ArchonAI.PatternDiscovery/ArchonAI.PatternDiscovery.csproj", "{BA00DE46-A24D-4214-8CC4-20094FE4F273}"
EndProject
Project("{FAE04EC0-301F-11D3-BF4B-00A060C34D24}") = "ArchonAI.Perception", "archonai/src/ArchonAI.Perception/ArchonAI.Perception.csproj", "{C293941F-1729-42A2-A22E-7015AB0D0017}"
EndProject
Project("{FAE04EC0-301F-11D3-BF4B-00A060C34D24}") = "ArchonAI.Knowledge", "archonai/src/ArchonAI.Knowledge/ArchonAI.Knowledge.csproj", "{D2D3A478-7941-43EE-B700-81801AFD364F}"
EndProject
Project("{FAE04EC0-301F-11D3-BF4B-00A060C34D24}") = "ArchonAI.KnowledgeGraph", "archonai/src/ArchonAI.KnowledgeGraph/ArchonAI.KnowledgeGraph.csproj", "{A5A9F978-3228-42DF-A2E7-A7CBC43DA6C7}"
EndProject
Project("{FAE04EC0-301F-11D3-BF4B-00A060C34D24}") = "ArchonAI.Memory", "archonai/src/ArchonAI.Memory/ArchonAI.Memory.csproj", "{790EA541-A202-4F11-A1F1-774F0B3A56B8}"
EndProject
Project("{FAE04EC0-301F-11D3-BF4B-00A060C34D24}") = "ArchonAI.Context", "archonai/src/ArchonAI.Context/ArchonAI.Context.csproj", "{06FB44A7-973D-49DB-8864-E21046507390}"
EndProject
Project("{FAE04EC0-301F-11D3-BF4B-00A060C34D24}") = "ArchonAI.Agents", "archonai/src/ArchonAI.Agents/ArchonAI.Agents.csproj", "{FF2F5F36-5B9B-4D56-A516-7296779940CB}"
EndProject
Project("{FAE04EC0-301F-11D3-BF4B-00A060C34D24}") = "ArchonAI.AgentRegistry", "archonai/src/ArchonAI.AgentRegistry/ArchonAI.AgentRegistry.csproj", "{F3B33651-012A-4991-8439-D90C33597A7A}"
EndProject
Project("{FAE04EC0-301F-11D3-BF4B-00A060C34D24}") = "ArchonAI.Agents.Finance", "archonai/src/ArchonAI.Agents.Finance/ArchonAI.Agents.Finance.csproj", "{A9071FF2-F75E-4A3D-9E8B-3B06B5D0EDF2}"
EndProject
Project("{FAE04EC0-301F-11D3-BF4B-00A060C34D24}") = "ArchonAI.Agents.Marketing", "archonai/src/ArchonAI.Agents.Marketing/ArchonAI.Agents.Marketing.csproj", "{C0594579-2BF7-47D6-8A40-48DFE4AC2C90}"
EndProject
Project("{FAE04EC0-301F-11D3-BF4B-00A060C34D24}") = "ArchonAI.Agents.Operations", "archonai/src/ArchonAI.Agents.Operations/ArchonAI.Agents.Operations.csproj", "{B6065201-235B-4CDE-8FEE-785B90680E9A}"
EndProject
Project("{FAE04EC0-301F-11D3-BF4B-00A060C34D24}") = "ArchonAI.Agents.Sales", "archonai/src/ArchonAI.Agents.Sales/ArchonAI.Agents.Sales.csproj", "{5B8BB8D2-3495-478D-ADFF-4A9BAA10C535}"
EndProject
Project("{FAE04EC0-301F-11D3-BF4B-00A060C34D24}") = "ArchonAI.Agents.Support", "archonai/src/ArchonAI.Agents.Support/ArchonAI.Agents.Support.csproj", "{F115C34D-2F75-46D4-9DCC-4D640AAB8BD4}"
EndProject
Project("{FAE04EC0-301F-11D3-BF4B-00A060C34D24}") = "ArchonAI.Orchestrator", "archonai/src/ArchonAI.Orchestrator/ArchonAI.Orchestrator.csproj", "{9513EC83-6DD7-4760-A8F2-6C17487F5F64}"
EndProject
Project("{FAE04EC0-301F-11D3-BF4B-00A060C34D24}") = "ArchonAI.Runtime", "archonai/src/ArchonAI.Runtime/ArchonAI.Runtime.csproj", "{A40176A2-D394-4D83-844E-E5EF1BBA9AC0}"
EndProject
Project("{FAE04EC0-301F-11D3-BF4B-00A060C34D24}") = "ArchonAI.TaskRuntime", "archonai/src/ArchonAI.TaskRuntime/ArchonAI.TaskRuntime.csproj", "{EBE726E6-9C7A-4771-B13D-D289D7C8D022}"
EndProject
Project("{FAE04EC0-301F-11D3-BF4B-00A060C34D24}") = "ArchonAI.Scheduler", "archonai/src/ArchonAI.Scheduler/ArchonAI.Scheduler.csproj", "{22CA2E06-8C21-4923-92F6-E598383266D3}"
EndProject
Project("{FAE04EC0-301F-11D3-BF4B-00A060C34D24}") = "ArchonAI.Supervisor", "archonai/src/ArchonAI.Supervisor/ArchonAI.Supervisor.csproj", "{0C335CB4-AC1B-40A0-995C-204725CC0573}"
EndProject
Project("{FAE04EC0-301F-11D3-BF4B-00A060C34D24}") = "ArchonAI.Workflow", "archonai/src/ArchonAI.Workflow/ArchonAI.Workflow.csproj", "{C5E290E6-3F10-4B30-910D-2B7E8D006D8A}"
EndProject
Project("{FAE04EC0-301F-11D3-BF4B-00A060C34D24}") = "ArchonAI.WorkflowDesigner", "archonai/src/ArchonAI.WorkflowDesigner/ArchonAI.WorkflowDesigner.csproj", "{5A8B5866-16E3-4E41-B7EA-C73AF1330777}"
EndProject
Project("{FAE04EC0-301F-11D3-BF4B-00A060C34D24}") = "ArchonAI.WorkflowRuntime", "archonai/src/ArchonAI.WorkflowRuntime/ArchonAI.WorkflowRuntime.csproj", "{2EB4C6FD-B12B-48C3-9C76-36DA9A8C41B7}"
EndProject
Project("{FAE04EC0-301F-11D3-BF4B-00A060C34D24}") = "ArchonAI.WorkflowSimulation", "archonai/src/ArchonAI.WorkflowSimulation/ArchonAI.WorkflowSimulation.csproj", "{876076FE-4215-4E45-BC34-E33A431E129A}"
EndProject
Project("{FAE04EC0-301F-11D3-BF4B-00A060C34D24}") = "ArchonAI.Strategy", "archonai/src/ArchonAI.Strategy/ArchonAI.Strategy.csproj", "{5B81F72B-D2DD-498B-A975-5884080F447C}"
EndProject
Project("{FAE04EC0-301F-11D3-BF4B-00A060C34D24}") = "ArchonAI.StrategyLibrary", "archonai/src/ArchonAI.StrategyLibrary/ArchonAI.StrategyLibrary.csproj", "{05E99303-3728-44AC-8B5C-FBDD23190F04}"
EndProject
Project("{FAE04EC0-301F-11D3-BF4B-00A060C34D24}") = "ArchonAI.StrategicPlanner", "archonai/src/ArchonAI.StrategicPlanner/ArchonAI.StrategicPlanner.csproj", "{7DFFA16C-E1D9-4C3D-B3C6-C718EFE67132}"
EndProject
Project("{FAE04EC0-301F-11D3-BF4B-00A060C34D24}") = "ArchonAI.Simulation", "archonai/src/ArchonAI.Simulation/ArchonAI.Simulation.csproj", "{B6D5CF9F-260D-4F75-8410-43F316044587}"
EndProject
Project("{FAE04EC0-301F-11D3-BF4B-00A060C34D24}") = "ArchonAI.Optimization", "archonai/src/ArchonAI.Optimization/ArchonAI.Optimization.csproj", "{A44B5C99-2CD5-4306-B2FE-A8EFB7265031}"
EndProject
Project("{FAE04EC0-301F-11D3-BF4B-00A060C34D24}") = "ArchonAI.Infrastructure", "archonai/src/ArchonAI.Infrastructure/ArchonAI.Infrastructure.csproj", "{F97B785D-5CCF-49A4-A00A-546130D93842}"
EndProject
Project("{FAE04EC0-301F-11D3-BF4B-00A060C34D24}") = "ArchonAI.Persistence", "archonai/src/ArchonAI.Persistence/ArchonAI.Persistence.csproj", "{C2531B2F-62F2-46A3-9D1E-16D65BB3D2CF}"
EndProject
Project("{FAE04EC0-301F-11D3-BF4B-00A060C34D24}") = "ArchonAI.Migrations", "archonai/src/ArchonAI.Migrations/ArchonAI.Migrations.csproj", "{91B5D214-38A6-4A97-8F4B-DEBD8E4EDD97}"
EndProject
Project("{FAE04EC0-301F-11D3-BF4B-00A060C34D24}") = "ArchonAI.Connectors", "archonai/src/ArchonAI.Connectors/ArchonAI.Connectors.csproj", "{CE1E7AF6-0124-423D-A5C6-4845192148AB}"
EndProject
Project("{FAE04EC0-301F-11D3-BF4B-00A060C34D24}") = "ArchonAI.DataFabric", "archonai/src/ArchonAI.DataFabric/ArchonAI.DataFabric.csproj", "{03CAA50D-E6A1-4FC9-A0AB-577E575F5520}"
EndProject
Project("{FAE04EC0-301F-11D3-BF4B-00A060C34D24}") = "ArchonAI.Telemetry", "archonai/src/ArchonAI.Telemetry/ArchonAI.Telemetry.csproj", "{0A49FCAB-0DD5-4122-A16B-57468CE30B82}"
EndProject
Project("{FAE04EC0-301F-11D3-BF4B-00A060C34D24}") = "ArchonAI.ModelRouter", "archonai/src/ArchonAI.ModelRouter/ArchonAI.ModelRouter.csproj", "{E1174B64-941F-453B-8C7B-0E81D17BFDBD}"
EndProject
Project("{FAE04EC0-301F-11D3-BF4B-00A060C34D24}") = "ArchonAI.ControlPlane", "archonai/src/ArchonAI.ControlPlane/ArchonAI.ControlPlane.csproj", "{171F55C3-6C53-4955-A7DB-A592BB98E351}"
EndProject
Project("{FAE04EC0-301F-11D3-BF4B-00A060C34D24}") = "ArchonAI.OrganizationState", "archonai/src/ArchonAI.OrganizationState/ArchonAI.OrganizationState.csproj", "{297D6C61-7D1F-4693-99F3-AAACE3C08ABC}"
EndProject
Project("{FAE04EC0-301F-11D3-BF4B-00A060C34D24}") = "ArchonAI.Evaluation", "archonai/src/ArchonAI.Evaluation/ArchonAI.Evaluation.csproj", "{F8BDD5F4-C5D7-4A75-B979-56322B42AB58}"
EndProject
Project("{FAE04EC0-301F-11D3-BF4B-00A060C34D24}") = "ArchonAI.Patterns", "archonai/src/ArchonAI.Patterns/ArchonAI.Patterns.csproj", "{C35F6046-353A-4887-9555-F409B4F8682B}"
EndProject
Project("{FAE04EC0-301F-11D3-BF4B-00A060C34D24}") = "ArchonAI.Plugins", "archonai/src/ArchonAI.Plugins/ArchonAI.Plugins.csproj", "{AC884F09-1DBA-42C1-95A2-E69D737CB63F}"
EndProject
Project("{FAE04EC0-301F-11D3-BF4B-00A060C34D24}") = "ArchonAI.Registry", "archonai/src/ArchonAI.Registry/ArchonAI.Registry.csproj", "{CBEAD0D6-9880-4ED3-AECB-E3F771DD11FA}"
EndProject
Project("{FAE04EC0-301F-11D3-BF4B-00A060C34D24}") = "ArchonAI.Sandbox", "archonai/src/ArchonAI.Sandbox/ArchonAI.Sandbox.csproj", "{F347B47A-25C7-41AB-B6D4-B93CFD73D4EA}"
EndProject
Project("{FAE04EC0-301F-11D3-BF4B-00A060C34D24}") = "ArchonAI.ActionSafety.Tests", "archonai/tests/ArchonAI.ActionSafety.Tests/ArchonAI.ActionSafety.Tests.csproj", "{658DB3DB-1C49-4CD4-9FA0-A2BCD4CBEA9F}"
EndProject
Project("{FAE04EC0-301F-11D3-BF4B-00A060C34D24}") = "ArchonAI.AdminAPI.Tests", "archonai/tests/ArchonAI.AdminAPI.Tests/ArchonAI.AdminAPI.Tests.csproj", "{83201133-052C-4FCA-B1F4-FD2AE7B08818}"
EndProject
Project("{FAE04EC0-301F-11D3-BF4B-00A060C34D24}") = "ArchonAI.Agents.Finance.Tests", "archonai/tests/ArchonAI.Agents.Finance.Tests/ArchonAI.Agents.Finance.Tests.csproj", "{BCBA6981-7D29-4605-91CC-5C08DEF9C264}"
EndProject
Project("{FAE04EC0-301F-11D3-BF4B-00A060C34D24}") = "ArchonAI.Agents.Marketing.Tests", "archonai/tests/ArchonAI.Agents.Marketing.Tests/ArchonAI.Agents.Marketing.Tests.csproj", "{529E8ABA-9F35-4D26-B655-57CD0B8B9D84}"
EndProject
Project("{FAE04EC0-301F-11D3-BF4B-00A060C34D24}") = "ArchonAI.Agents.Operations.Tests", "archonai/tests/ArchonAI.Agents.Operations.Tests/ArchonAI.Agents.Operations.Tests.csproj", "{6C77D4FF-A6FC-4643-A057-8B512B7F27E5}"
EndProject
Project("{FAE04EC0-301F-11D3-BF4B-00A060C34D24}") = "ArchonAI.Agents.Sales.Tests", "archonai/tests/ArchonAI.Agents.Sales.Tests/ArchonAI.Agents.Sales.Tests.csproj", "{0B55DA8A-4E9C-4473-94AD-583831F8C0CA}"
EndProject
Project("{FAE04EC0-301F-11D3-BF4B-00A060C34D24}") = "ArchonAI.Agents.Support.Tests", "archonai/tests/ArchonAI.Agents.Support.Tests/ArchonAI.Agents.Support.Tests.csproj", "{DFC692B0-7A15-4EAC-BE30-9633FDE09B4D}"
EndProject
Project("{FAE04EC0-301F-11D3-BF4B-00A060C34D24}") = "ArchonAI.Connectors.Tests", "archonai/tests/ArchonAI.Connectors.Tests/ArchonAI.Connectors.Tests.csproj", "{3C26A2FF-6401-42BA-94F6-657D6162A9E1}"
EndProject
Project("{FAE04EC0-301F-11D3-BF4B-00A060C34D24}") = "ArchonAI.Enterprise.Tests", "archonai/tests/ArchonAI.Enterprise.Tests/ArchonAI.Enterprise.Tests.csproj", "{929188D1-53EF-4F0F-8D1A-462263DA4467}"
EndProject
Project("{FAE04EC0-301F-11D3-BF4B-00A060C34D24}") = "ArchonAI.ProofAnalytics.Tests", "archonai/tests/ArchonAI.ProofAnalytics.Tests/ArchonAI.ProofAnalytics.Tests.csproj", "{E4A8737E-1B6B-4F6C-90F0-3049D03AD874}"
EndProject
Project("{FAE04EC0-301F-11D3-BF4B-00A060C34D24}") = "ArchonAI.Tests", "archonai/tests/ArchonAI.Tests/ArchonAI.Tests.csproj", "{7B0985A1-BF72-497D-BA88-A2BFEDB52D18}"
EndProject
Project("{FAE04EC0-301F-11D3-BF4B-00A060C34D24}") = "ArchonAI.WorkflowDesigner.Tests", "archonai/tests/ArchonAI.WorkflowDesigner.Tests/ArchonAI.WorkflowDesigner.Tests.csproj", "{30E8CEEF-D8CD-433F-A59F-BAEB190F6FAE}"
EndProject
Global
	GlobalSection(SolutionConfigurationPlatforms) = preSolution
		Debug|Any CPU = Debug|Any CPU
		Release|Any CPU = Release|Any CPU
	EndGlobalSection
	GlobalSection(ProjectConfigurationPlatforms) = postSolution
		{2117FF12-1AD6-4947-B80B-DB599329700D}.Debug|Any CPU.ActiveCfg = Debug|Any CPU
		{2117FF12-1AD6-4947-B80B-DB599329700D}.Debug|Any CPU.Build.0 = Debug|Any CPU
		{2117FF12-1AD6-4947-B80B-DB599329700D}.Release|Any CPU.ActiveCfg = Release|Any CPU
		{2117FF12-1AD6-4947-B80B-DB599329700D}.Release|Any CPU.Build.0 = Release|Any CPU
		{ED22BE91-A46D-4F8C-B9D0-1AF88676C498}.Debug|Any CPU.ActiveCfg = Debug|Any CPU
		{ED22BE91-A46D-4F8C-B9D0-1AF88676C498}.Debug|Any CPU.Build.0 = Debug|Any CPU
		{ED22BE91-A46D-4F8C-B9D0-1AF88676C498}.Release|Any CPU.ActiveCfg = Release|Any CPU
		{ED22BE91-A46D-4F8C-B9D0-1AF88676C498}.Release|Any CPU.Build.0 = Release|Any CPU
		{F1A873B4-B693-4B27-9F94-038FFFA506F0}.Debug|Any CPU.ActiveCfg = Debug|Any CPU
		{F1A873B4-B693-4B27-9F94-038FFFA506F0}.Debug|Any CPU.Build.0 = Debug|Any CPU
		{F1A873B4-B693-4B27-9F94-038FFFA506F0}.Release|Any CPU.ActiveCfg = Release|Any CPU
		{F1A873B4-B693-4B27-9F94-038FFFA506F0}.Release|Any CPU.Build.0 = Release|Any CPU
		{7F954D4D-38BB-4621-8BD5-357284060384}.Debug|Any CPU.ActiveCfg = Debug|Any CPU
		{7F954D4D-38BB-4621-8BD5-357284060384}.Debug|Any CPU.Build.0 = Debug|Any CPU
		{7F954D4D-38BB-4621-8BD5-357284060384}.Release|Any CPU.ActiveCfg = Release|Any CPU
		{7F954D4D-38BB-4621-8BD5-357284060384}.Release|Any CPU.Build.0 = Release|Any CPU
		{4609AF7E-C772-4D3D-8BEF-542C3DD24F51}.Debug|Any CPU.ActiveCfg = Debug|Any CPU
		{4609AF7E-C772-4D3D-8BEF-542C3DD24F51}.Debug|Any CPU.Build.0 = Debug|Any CPU
		{4609AF7E-C772-4D3D-8BEF-542C3DD24F51}.Release|Any CPU.ActiveCfg = Release|Any CPU
		{4609AF7E-C772-4D3D-8BEF-542C3DD24F51}.Release|Any CPU.Build.0 = Release|Any CPU
		{811B9041-C08D-4CBE-BC4C-C2D549184CE5}.Debug|Any CPU.ActiveCfg = Debug|Any CPU
		{811B9041-C08D-4CBE-BC4C-C2D549184CE5}.Debug|Any CPU.Build.0 = Debug|Any CPU
		{811B9041-C08D-4CBE-BC4C-C2D549184CE5}.Release|Any CPU.ActiveCfg = Release|Any CPU
		{811B9041-C08D-4CBE-BC4C-C2D549184CE5}.Release|Any CPU.Build.0 = Release|Any CPU
		{ACE6F6BC-2E55-422A-81D7-D41CC6DA9E1A}.Debug|Any CPU.ActiveCfg = Debug|Any CPU
		{ACE6F6BC-2E55-422A-81D7-D41CC6DA9E1A}.Debug|Any CPU.Build.0 = Debug|Any CPU
		{ACE6F6BC-2E55-422A-81D7-D41CC6DA9E1A}.Release|Any CPU.ActiveCfg = Release|Any CPU
		{ACE6F6BC-2E55-422A-81D7-D41CC6DA9E1A}.Release|Any CPU.Build.0 = Release|Any CPU
		{3755CA12-67E6-497F-A01A-2F962D85C6F3}.Debug|Any CPU.ActiveCfg = Debug|Any CPU
		{3755CA12-67E6-497F-A01A-2F962D85C6F3}.Debug|Any CPU.Build.0 = Debug|Any CPU
		{3755CA12-67E6-497F-A01A-2F962D85C6F3}.Release|Any CPU.ActiveCfg = Release|Any CPU
		{3755CA12-67E6-497F-A01A-2F962D85C6F3}.Release|Any CPU.Build.0 = Release|Any CPU
		{65443533-A952-45AF-8331-8D1A60AF205B}.Debug|Any CPU.ActiveCfg = Debug|Any CPU
		{65443533-A952-45AF-8331-8D1A60AF205B}.Debug|Any CPU.Build.0 = Debug|Any CPU
		{65443533-A952-45AF-8331-8D1A60AF205B}.Release|Any CPU.ActiveCfg = Release|Any CPU
		{65443533-A952-45AF-8331-8D1A60AF205B}.Release|Any CPU.Build.0 = Release|Any CPU
		{D91A74C0-9BAB-40B2-B864-D8DC1861318B}.Debug|Any CPU.ActiveCfg = Debug|Any CPU
		{D91A74C0-9BAB-40B2-B864-D8DC1861318B}.Debug|Any CPU.Build.0 = Debug|Any CPU
		{D91A74C0-9BAB-40B2-B864-D8DC1861318B}.Release|Any CPU.ActiveCfg = Release|Any CPU
		{D91A74C0-9BAB-40B2-B864-D8DC1861318B}.Release|Any CPU.Build.0 = Release|Any CPU
		{59FD0A01-1D74-4859-A659-CEE77F55ACB6}.Debug|Any CPU.ActiveCfg = Debug|Any CPU
		{59FD0A01-1D74-4859-A659-CEE77F55ACB6}.Debug|Any CPU.Build.0 = Debug|Any CPU
		{59FD0A01-1D74-4859-A659-CEE77F55ACB6}.Release|Any CPU.ActiveCfg = Release|Any CPU
		{59FD0A01-1D74-4859-A659-CEE77F55ACB6}.Release|Any CPU.Build.0 = Release|Any CPU
		{9A92B8C0-62C5-4BFE-A722-1A698464014C}.Debug|Any CPU.ActiveCfg = Debug|Any CPU
		{9A92B8C0-62C5-4BFE-A722-1A698464014C}.Debug|Any CPU.Build.0 = Debug|Any CPU
		{9A92B8C0-62C5-4BFE-A722-1A698464014C}.Release|Any CPU.ActiveCfg = Release|Any CPU
		{9A92B8C0-62C5-4BFE-A722-1A698464014C}.Release|Any CPU.Build.0 = Release|Any CPU
		{93B459C9-0C4B-4168-9AAA-4E7C904D7004}.Debug|Any CPU.ActiveCfg = Debug|Any CPU
		{93B459C9-0C4B-4168-9AAA-4E7C904D7004}.Debug|Any CPU.Build.0 = Debug|Any CPU
		{93B459C9-0C4B-4168-9AAA-4E7C904D7004}.Release|Any CPU.ActiveCfg = Release|Any CPU
		{93B459C9-0C4B-4168-9AAA-4E7C904D7004}.Release|Any CPU.Build.0 = Release|Any CPU
		{D60A810B-1066-4624-A617-C3BA49A16C48}.Debug|Any CPU.ActiveCfg = Debug|Any CPU
		{D60A810B-1066-4624-A617-C3BA49A16C48}.Debug|Any CPU.Build.0 = Debug|Any CPU
		{D60A810B-1066-4624-A617-C3BA49A16C48}.Release|Any CPU.ActiveCfg = Release|Any CPU
		{D60A810B-1066-4624-A617-C3BA49A16C48}.Release|Any CPU.Build.0 = Release|Any CPU
		{BA00DE46-A24D-4214-8CC4-20094FE4F273}.Debug|Any CPU.ActiveCfg = Debug|Any CPU
		{BA00DE46-A24D-4214-8CC4-20094FE4F273}.Debug|Any CPU.Build.0 = Debug|Any CPU
		{BA00DE46-A24D-4214-8CC4-20094FE4F273}.Release|Any CPU.ActiveCfg = Release|Any CPU
		{BA00DE46-A24D-4214-8CC4-20094FE4F273}.Release|Any CPU.Build.0 = Release|Any CPU
		{C293941F-1729-42A2-A22E-7015AB0D0017}.Debug|Any CPU.ActiveCfg = Debug|Any CPU
		{C293941F-1729-42A2-A22E-7015AB0D0017}.Debug|Any CPU.Build.0 = Debug|Any CPU
		{C293941F-1729-42A2-A22E-7015AB0D0017}.Release|Any CPU.ActiveCfg = Release|Any CPU
		{C293941F-1729-42A2-A22E-7015AB0D0017}.Release|Any CPU.Build.0 = Release|Any CPU
		{D2D3A478-7941-43EE-B700-81801AFD364F}.Debug|Any CPU.ActiveCfg = Debug|Any CPU
		{D2D3A478-7941-43EE-B700-81801AFD364F}.Debug|Any CPU.Build.0 = Debug|Any CPU
		{D2D3A478-7941-43EE-B700-81801AFD364F}.Release|Any CPU.ActiveCfg = Release|Any CPU
		{D2D3A478-7941-43EE-B700-81801AFD364F}.Release|Any CPU.Build.0 = Release|Any CPU
		{A5A9F978-3228-42DF-A2E7-A7CBC43DA6C7}.Debug|Any CPU.ActiveCfg = Debug|Any CPU
		{A5A9F978-3228-42DF-A2E7-A7CBC43DA6C7}.Debug|Any CPU.Build.0 = Debug|Any CPU
		{A5A9F978-3228-42DF-A2E7-A7CBC43DA6C7}.Release|Any CPU.ActiveCfg = Release|Any CPU
		{A5A9F978-3228-42DF-A2E7-A7CBC43DA6C7}.Release|Any CPU.Build.0 = Release|Any CPU
		{790EA541-A202-4F11-A1F1-774F0B3A56B8}.Debug|Any CPU.ActiveCfg = Debug|Any CPU
		{790EA541-A202-4F11-A1F1-774F0B3A56B8}.Debug|Any CPU.Build.0 = Debug|Any CPU
		{790EA541-A202-4F11-A1F1-774F0B3A56B8}.Release|Any CPU.ActiveCfg = Release|Any CPU
		{790EA541-A202-4F11-A1F1-774F0B3A56B8}.Release|Any CPU.Build.0 = Release|Any CPU
		{06FB44A7-973D-49DB-8864-E21046507390}.Debug|Any CPU.ActiveCfg = Debug|Any CPU
		{06FB44A7-973D-49DB-8864-E21046507390}.Debug|Any CPU.Build.0 = Debug|Any CPU
		{06FB44A7-973D-49DB-8864-E21046507390}.Release|Any CPU.ActiveCfg = Release|Any CPU
		{06FB44A7-973D-49DB-8864-E21046507390}.Release|Any CPU.Build.0 = Release|Any CPU
		{FF2F5F36-5B9B-4D56-A516-7296779940CB}.Debug|Any CPU.ActiveCfg = Debug|Any CPU
		{FF2F5F36-5B9B-4D56-A516-7296779940CB}.Debug|Any CPU.Build.0 = Debug|Any CPU
		{FF2F5F36-5B9B-4D56-A516-7296779940CB}.Release|Any CPU.ActiveCfg = Release|Any CPU
		{FF2F5F36-5B9B-4D56-A516-7296779940CB}.Release|Any CPU.Build.0 = Release|Any CPU
		{F3B33651-012A-4991-8439-D90C33597A7A}.Debug|Any CPU.ActiveCfg = Debug|Any CPU
		{F3B33651-012A-4991-8439-D90C33597A7A}.Debug|Any CPU.Build.0 = Debug|Any CPU
		{F3B33651-012A-4991-8439-D90C33597A7A}.Release|Any CPU.ActiveCfg = Release|Any CPU
		{F3B33651-012A-4991-8439-D90C33597A7A}.Release|Any CPU.Build.0 = Release|Any CPU
		{A9071FF2-F75E-4A3D-9E8B-3B06B5D0EDF2}.Debug|Any CPU.ActiveCfg = Debug|Any CPU
		{A9071FF2-F75E-4A3D-9E8B-3B06B5D0EDF2}.Debug|Any CPU.Build.0 = Debug|Any CPU
		{A9071FF2-F75E-4A3D-9E8B-3B06B5D0EDF2}.Release|Any CPU.ActiveCfg = Release|Any CPU
		{A9071FF2-F75E-4A3D-9E8B-3B06B5D0EDF2}.Release|Any CPU.Build.0 = Release|Any CPU
		{C0594579-2BF7-47D6-8A40-48DFE4AC2C90}.Debug|Any CPU.ActiveCfg = Debug|Any CPU
		{C0594579-2BF7-47D6-8A40-48DFE4AC2C90}.Debug|Any CPU.Build.0 = Debug|Any CPU
		{C0594579-2BF7-47D6-8A40-48DFE4AC2C90}.Release|Any CPU.ActiveCfg = Release|Any CPU
		{C0594579-2BF7-47D6-8A40-48DFE4AC2C90}.Release|Any CPU.Build.0 = Release|Any CPU
		{B6065201-235B-4CDE-8FEE-785B90680E9A}.Debug|Any CPU.ActiveCfg = Debug|Any CPU
		{B6065201-235B-4CDE-8FEE-785B90680E9A}.Debug|Any CPU.Build.0 = Debug|Any CPU
		{B6065201-235B-4CDE-8FEE-785B90680E9A}.Release|Any CPU.ActiveCfg = Release|Any CPU
		{B6065201-235B-4CDE-8FEE-785B90680E9A}.Release|Any CPU.Build.0 = Release|Any CPU
		{5B8BB8D2-3495-478D-ADFF-4A9BAA10C535}.Debug|Any CPU.ActiveCfg = Debug|Any CPU
		{5B8BB8D2-3495-478D-ADFF-4A9BAA10C535}.Debug|Any CPU.Build.0 = Debug|Any CPU
		{5B8BB8D2-3495-478D-ADFF-4A9BAA10C535}.Release|Any CPU.ActiveCfg = Release|Any CPU
		{5B8BB8D2-3495-478D-ADFF-4A9BAA10C535}.Release|Any CPU.Build.0 = Release|Any CPU
		{F115C34D-2F75-46D4-9DCC-4D640AAB8BD4}.Debug|Any CPU.ActiveCfg = Debug|Any CPU
		{F115C34D-2F75-46D4-9DCC-4D640AAB8BD4}.Debug|Any CPU.Build.0 = Debug|Any CPU
		{F115C34D-2F75-46D4-9DCC-4D640AAB8BD4}.Release|Any CPU.ActiveCfg = Release|Any CPU
		{F115C34D-2F75-46D4-9DCC-4D640AAB8BD4}.Release|Any CPU.Build.0 = Release|Any CPU
		{9513EC83-6DD7-4760-A8F2-6C17487F5F64}.Debug|Any CPU.ActiveCfg = Debug|Any CPU
		{9513EC83-6DD7-4760-A8F2-6C17487F5F64}.Debug|Any CPU.Build.0 = Debug|Any CPU
		{9513EC83-6DD7-4760-A8F2-6C17487F5F64}.Release|Any CPU.ActiveCfg = Release|Any CPU
		{9513EC83-6DD7-4760-A8F2-6C17487F5F64}.Release|Any CPU.Build.0 = Release|Any CPU
		{A40176A2-D394-4D83-844E-E5EF1BBA9AC0}.Debug|Any CPU.ActiveCfg = Debug|Any CPU
		{A40176A2-D394-4D83-844E-E5EF1BBA9AC0}.Debug|Any CPU.Build.0 = Debug|Any CPU
		{A40176A2-D394-4D83-844E-E5EF1BBA9AC0}.Release|Any CPU.ActiveCfg = Release|Any CPU
		{A40176A2-D394-4D83-844E-E5EF1BBA9AC0}.Release|Any CPU.Build.0 = Release|Any CPU
		{EBE726E6-9C7A-4771-B13D-D289D7C8D022}.Debug|Any CPU.ActiveCfg = Debug|Any CPU
		{EBE726E6-9C7A-4771-B13D-D289D7C8D022}.Debug|Any CPU.Build.0 = Debug|Any CPU
		{EBE726E6-9C7A-4771-B13D-D289D7C8D022}.Release|Any CPU.ActiveCfg = Release|Any CPU
		{EBE726E6-9C7A-4771-B13D-D289D7C8D022}.Release|Any CPU.Build.0 = Release|Any CPU
		{22CA2E06-8C21-4923-92F6-E598383266D3}.Debug|Any CPU.ActiveCfg = Debug|Any CPU
		{22CA2E06-8C21-4923-92F6-E598383266D3}.Debug|Any CPU.Build.0 = Debug|Any CPU
		{22CA2E06-8C21-4923-92F6-E598383266D3}.Release|Any CPU.ActiveCfg = Release|Any CPU
		{22CA2E06-8C21-4923-92F6-E598383266D3}.Release|Any CPU.Build.0 = Release|Any CPU
		{0C335CB4-AC1B-40A0-995C-204725CC0573}.Debug|Any CPU.ActiveCfg = Debug|Any CPU
		{0C335CB4-AC1B-40A0-995C-204725CC0573}.Debug|Any CPU.Build.0 = Debug|Any CPU
		{0C335CB4-AC1B-40A0-995C-204725CC0573}.Release|Any CPU.ActiveCfg = Release|Any CPU
		{0C335CB4-AC1B-40A0-995C-204725CC0573}.Release|Any CPU.Build.0 = Release|Any CPU
		{C5E290E6-3F10-4B30-910D-2B7E8D006D8A}.Debug|Any CPU.ActiveCfg = Debug|Any CPU
		{C5E290E6-3F10-4B30-910D-2B7E8D006D8A}.Debug|Any CPU.Build.0 = Debug|Any CPU
		{C5E290E6-3F10-4B30-910D-2B7E8D006D8A}.Release|Any CPU.ActiveCfg = Release|Any CPU
		{C5E290E6-3F10-4B30-910D-2B7E8D006D8A}.Release|Any CPU.Build.0 = Release|Any CPU
		{5A8B5866-16E3-4E41-B7EA-C73AF1330777}.Debug|Any CPU.ActiveCfg = Debug|Any CPU
		{5A8B5866-16E3-4E41-B7EA-C73AF1330777}.Debug|Any CPU.Build.0 = Debug|Any CPU
		{5A8B5866-16E3-4E41-B7EA-C73AF1330777}.Release|Any CPU.ActiveCfg = Release|Any CPU
		{5A8B5866-16E3-4E41-B7EA-C73AF1330777}.Release|Any CPU.Build.0 = Release|Any CPU
		{2EB4C6FD-B12B-48C3-9C76-36DA9A8C41B7}.Debug|Any CPU.ActiveCfg = Debug|Any CPU
		{2EB4C6FD-B12B-48C3-9C76-36DA9A8C41B7}.Debug|Any CPU.Build.0 = Debug|Any CPU
		{2EB4C6FD-B12B-48C3-9C76-36DA9A8C41B7}.Release|Any CPU.ActiveCfg = Release|Any CPU
		{2EB4C6FD-B12B-48C3-9C76-36DA9A8C41B7}.Release|Any CPU.Build.0 = Release|Any CPU
		{876076FE-4215-4E45-BC34-E33A431E129A}.Debug|Any CPU.ActiveCfg = Debug|Any CPU
		{876076FE-4215-4E45-BC34-E33A431E129A}.Debug|Any CPU.Build.0 = Debug|Any CPU
		{876076FE-4215-4E45-BC34-E33A431E129A}.Release|Any CPU.ActiveCfg = Release|Any CPU
		{876076FE-4215-4E45-BC34-E33A431E129A}.Release|Any CPU.Build.0 = Release|Any CPU
		{5B81F72B-D2DD-498B-A975-5884080F447C}.Debug|Any CPU.ActiveCfg = Debug|Any CPU
		{5B81F72B-D2DD-498B-A975-5884080F447C}.Debug|Any CPU.Build.0 = Debug|Any CPU
		{5B81F72B-D2DD-498B-A975-5884080F447C}.Release|Any CPU.ActiveCfg = Release|Any CPU
		{5B81F72B-D2DD-498B-A975-5884080F447C}.Release|Any CPU.Build.0 = Release|Any CPU
		{05E99303-3728-44AC-8B5C-FBDD23190F04}.Debug|Any CPU.ActiveCfg = Debug|Any CPU
		{05E99303-3728-44AC-8B5C-FBDD23190F04}.Debug|Any CPU.Build.0 = Debug|Any CPU
		{05E99303-3728-44AC-8B5C-FBDD23190F04}.Release|Any CPU.ActiveCfg = Release|Any CPU
		{05E99303-3728-44AC-8B5C-FBDD23190F04}.Release|Any CPU.Build.0 = Release|Any CPU
		{7DFFA16C-E1D9-4C3D-B3C6-C718EFE67132}.Debug|Any CPU.ActiveCfg = Debug|Any CPU
		{7DFFA16C-E1D9-4C3D-B3C6-C718EFE67132}.Debug|Any CPU.Build.0 = Debug|Any CPU
		{7DFFA16C-E1D9-4C3D-B3C6-C718EFE67132}.Release|Any CPU.ActiveCfg = Release|Any CPU
		{7DFFA16C-E1D9-4C3D-B3C6-C718EFE67132}.Release|Any CPU.Build.0 = Release|Any CPU
		{B6D5CF9F-260D-4F75-8410-43F316044587}.Debug|Any CPU.ActiveCfg = Debug|Any CPU
		{B6D5CF9F-260D-4F75-8410-43F316044587}.Debug|Any CPU.Build.0 = Debug|Any CPU
		{B6D5CF9F-260D-4F75-8410-43F316044587}.Release|Any CPU.ActiveCfg = Release|Any CPU
		{B6D5CF9F-260D-4F75-8410-43F316044587}.Release|Any CPU.Build.0 = Release|Any CPU
		{A44B5C99-2CD5-4306-B2FE-A8EFB7265031}.Debug|Any CPU.ActiveCfg = Debug|Any CPU
		{A44B5C99-2CD5-4306-B2FE-A8EFB7265031}.Debug|Any CPU.Build.0 = Debug|Any CPU
		{A44B5C99-2CD5-4306-B2FE-A8EFB7265031}.Release|Any CPU.ActiveCfg = Release|Any CPU
		{A44B5C99-2CD5-4306-B2FE-A8EFB7265031}.Release|Any CPU.Build.0 = Release|Any CPU
		{F97B785D-5CCF-49A4-A00A-546130D93842}.Debug|Any CPU.ActiveCfg = Debug|Any CPU
		{F97B785D-5CCF-49A4-A00A-546130D93842}.Debug|Any CPU.Build.0 = Debug|Any CPU
		{F97B785D-5CCF-49A4-A00A-546130D93842}.Release|Any CPU.ActiveCfg = Release|Any CPU
		{F97B785D-5CCF-49A4-A00A-546130D93842}.Release|Any CPU.Build.0 = Release|Any CPU
		{C2531B2F-62F2-46A3-9D1E-16D65BB3D2CF}.Debug|Any CPU.ActiveCfg = Debug|Any CPU
		{C2531B2F-62F2-46A3-9D1E-16D65BB3D2CF}.Debug|Any CPU.Build.0 = Debug|Any CPU
		{C2531B2F-62F2-46A3-9D1E-16D65BB3D2CF}.Release|Any CPU.ActiveCfg = Release|Any CPU
		{C2531B2F-62F2-46A3-9D1E-16D65BB3D2CF}.Release|Any CPU.Build.0 = Release|Any CPU
		{91B5D214-38A6-4A97-8F4B-DEBD8E4EDD97}.Debug|Any CPU.ActiveCfg = Debug|Any CPU
		{91B5D214-38A6-4A97-8F4B-DEBD8E4EDD97}.Debug|Any CPU.Build.0 = Debug|Any CPU
		{91B5D214-38A6-4A97-8F4B-DEBD8E4EDD97}.Release|Any CPU.ActiveCfg = Release|Any CPU
		{91B5D214-38A6-4A97-8F4B-DEBD8E4EDD97}.Release|Any CPU.Build.0 = Release|Any CPU
		{CE1E7AF6-0124-423D-A5C6-4845192148AB}.Debug|Any CPU.ActiveCfg = Debug|Any CPU
		{CE1E7AF6-0124-423D-A5C6-4845192148AB}.Debug|Any CPU.Build.0 = Debug|Any CPU
		{CE1E7AF6-0124-423D-A5C6-4845192148AB}.Release|Any CPU.ActiveCfg = Release|Any CPU
		{CE1E7AF6-0124-423D-A5C6-4845192148AB}.Release|Any CPU.Build.0 = Release|Any CPU
		{03CAA50D-E6A1-4FC9-A0AB-577E575F5520}.Debug|Any CPU.ActiveCfg = Debug|Any CPU
		{03CAA50D-E6A1-4FC9-A0AB-577E575F5520}.Debug|Any CPU.Build.0 = Debug|Any CPU
		{03CAA50D-E6A1-4FC9-A0AB-577E575F5520}.Release|Any CPU.ActiveCfg = Release|Any CPU
		{03CAA50D-E6A1-4FC9-A0AB-577E575F5520}.Release|Any CPU.Build.0 = Release|Any CPU
		{0A49FCAB-0DD5-4122-A16B-57468CE30B82}.Debug|Any CPU.ActiveCfg = Debug|Any CPU
		{0A49FCAB-0DD5-4122-A16B-57468CE30B82}.Debug|Any CPU.Build.0 = Debug|Any CPU
		{0A49FCAB-0DD5-4122-A16B-57468CE30B82}.Release|Any CPU.ActiveCfg = Release|Any CPU
		{0A49FCAB-0DD5-4122-A16B-57468CE30B82}.Release|Any CPU.Build.0 = Release|Any CPU
		{E1174B64-941F-453B-8C7B-0E81D17BFDBD}.Debug|Any CPU.ActiveCfg = Debug|Any CPU
		{E1174B64-941F-453B-8C7B-0E81D17BFDBD}.Debug|Any CPU.Build.0 = Debug|Any CPU
		{E1174B64-941F-453B-8C7B-0E81D17BFDBD}.Release|Any CPU.ActiveCfg = Release|Any CPU
		{E1174B64-941F-453B-8C7B-0E81D17BFDBD}.Release|Any CPU.Build.0 = Release|Any CPU
		{171F55C3-6C53-4955-A7DB-A592BB98E351}.Debug|Any CPU.ActiveCfg = Debug|Any CPU
		{171F55C3-6C53-4955-A7DB-A592BB98E351}.Debug|Any CPU.Build.0 = Debug|Any CPU
		{171F55C3-6C53-4955-A7DB-A592BB98E351}.Release|Any CPU.ActiveCfg = Release|Any CPU
		{171F55C3-6C53-4955-A7DB-A592BB98E351}.Release|Any CPU.Build.0 = Release|Any CPU
		{297D6C61-7D1F-4693-99F3-AAACE3C08ABC}.Debug|Any CPU.ActiveCfg = Debug|Any CPU
		{297D6C61-7D1F-4693-99F3-AAACE3C08ABC}.Debug|Any CPU.Build.0 = Debug|Any CPU
		{297D6C61-7D1F-4693-99F3-AAACE3C08ABC}.Release|Any CPU.ActiveCfg = Release|Any CPU
		{297D6C61-7D1F-4693-99F3-AAACE3C08ABC}.Release|Any CPU.Build.0 = Release|Any CPU
		{F8BDD5F4-C5D7-4A75-B979-56322B42AB58}.Debug|Any CPU.ActiveCfg = Debug|Any CPU
		{F8BDD5F4-C5D7-4A75-B979-56322B42AB58}.Debug|Any CPU.Build.0 = Debug|Any CPU
		{F8BDD5F4-C5D7-4A75-B979-56322B42AB58}.Release|Any CPU.ActiveCfg = Release|Any CPU
		{F8BDD5F4-C5D7-4A75-B979-56322B42AB58}.Release|Any CPU.Build.0 = Release|Any CPU
		{C35F6046-353A-4887-9555-F409B4F8682B}.Debug|Any CPU.ActiveCfg = Debug|Any CPU
		{C35F6046-353A-4887-9555-F409B4F8682B}.Debug|Any CPU.Build.0 = Debug|Any CPU
		{C35F6046-353A-4887-9555-F409B4F8682B}.Release|Any CPU.ActiveCfg = Release|Any CPU
		{C35F6046-353A-4887-9555-F409B4F8682B}.Release|Any CPU.Build.0 = Release|Any CPU
		{AC884F09-1DBA-42C1-95A2-E69D737CB63F}.Debug|Any CPU.ActiveCfg = Debug|Any CPU
		{AC884F09-1DBA-42C1-95A2-E69D737CB63F}.Debug|Any CPU.Build.0 = Debug|Any CPU
		{AC884F09-1DBA-42C1-95A2-E69D737CB63F}.Release|Any CPU.ActiveCfg = Release|Any CPU
		{AC884F09-1DBA-42C1-95A2-E69D737CB63F}.Release|Any CPU.Build.0 = Release|Any CPU
		{CBEAD0D6-9880-4ED3-AECB-E3F771DD11FA}.Debug|Any CPU.ActiveCfg = Debug|Any CPU
		{CBEAD0D6-9880-4ED3-AECB-E3F771DD11FA}.Debug|Any CPU.Build.0 = Debug|Any CPU
		{CBEAD0D6-9880-4ED3-AECB-E3F771DD11FA}.Release|Any CPU.ActiveCfg = Release|Any CPU
		{CBEAD0D6-9880-4ED3-AECB-E3F771DD11FA}.Release|Any CPU.Build.0 = Release|Any CPU
		{F347B47A-25C7-41AB-B6D4-B93CFD73D4EA}.Debug|Any CPU.ActiveCfg = Debug|Any CPU
		{F347B47A-25C7-41AB-B6D4-B93CFD73D4EA}.Debug|Any CPU.Build.0 = Debug|Any CPU
		{F347B47A-25C7-41AB-B6D4-B93CFD73D4EA}.Release|Any CPU.ActiveCfg = Release|Any CPU
		{F347B47A-25C7-41AB-B6D4-B93CFD73D4EA}.Release|Any CPU.Build.0 = Release|Any CPU
		{658DB3DB-1C49-4CD4-9FA0-A2BCD4CBEA9F}.Debug|Any CPU.ActiveCfg = Debug|Any CPU
		{658DB3DB-1C49-4CD4-9FA0-A2BCD4CBEA9F}.Debug|Any CPU.Build.0 = Debug|Any CPU
		{658DB3DB-1C49-4CD4-9FA0-A2BCD4CBEA9F}.Release|Any CPU.ActiveCfg = Release|Any CPU
		{658DB3DB-1C49-4CD4-9FA0-A2BCD4CBEA9F}.Release|Any CPU.Build.0 = Release|Any CPU
		{83201133-052C-4FCA-B1F4-FD2AE7B08818}.Debug|Any CPU.ActiveCfg = Debug|Any CPU
		{83201133-052C-4FCA-B1F4-FD2AE7B08818}.Debug|Any CPU.Build.0 = Debug|Any CPU
		{83201133-052C-4FCA-B1F4-FD2AE7B08818}.Release|Any CPU.ActiveCfg = Release|Any CPU
		{83201133-052C-4FCA-B1F4-FD2AE7B08818}.Release|Any CPU.Build.0 = Release|Any CPU
		{BCBA6981-7D29-4605-91CC-5C08DEF9C264}.Debug|Any CPU.ActiveCfg = Debug|Any CPU
		{BCBA6981-7D29-4605-91CC-5C08DEF9C264}.Debug|Any CPU.Build.0 = Debug|Any CPU
		{BCBA6981-7D29-4605-91CC-5C08DEF9C264}.Release|Any CPU.ActiveCfg = Release|Any CPU
		{BCBA6981-7D29-4605-91CC-5C08DEF9C264}.Release|Any CPU.Build.0 = Release|Any CPU
		{529E8ABA-9F35-4D26-B655-57CD0B8B9D84}.Debug|Any CPU.ActiveCfg = Debug|Any CPU
		{529E8ABA-9F35-4D26-B655-57CD0B8B9D84}.Debug|Any CPU.Build.0 = Debug|Any CPU
		{529E8ABA-9F35-4D26-B655-57CD0B8B9D84}.Release|Any CPU.ActiveCfg = Release|Any CPU
		{529E8ABA-9F35-4D26-B655-57CD0B8B9D84}.Release|Any CPU.Build.0 = Release|Any CPU
		{6C77D4FF-A6FC-4643-A057-8B512B7F27E5}.Debug|Any CPU.ActiveCfg = Debug|Any CPU
		{6C77D4FF-A6FC-4643-A057-8B512B7F27E5}.Debug|Any CPU.Build.0 = Debug|Any CPU
		{6C77D4FF-A6FC-4643-A057-8B512B7F27E5}.Release|Any CPU.ActiveCfg = Release|Any CPU
		{6C77D4FF-A6FC-4643-A057-8B512B7F27E5}.Release|Any CPU.Build.0 = Release|Any CPU
		{0B55DA8A-4E9C-4473-94AD-583831F8C0CA}.Debug|Any CPU.ActiveCfg = Debug|Any CPU
		{0B55DA8A-4E9C-4473-94AD-583831F8C0CA}.Debug|Any CPU.Build.0 = Debug|Any CPU
		{0B55DA8A-4E9C-4473-94AD-583831F8C0CA}.Release|Any CPU.ActiveCfg = Release|Any CPU
		{0B55DA8A-4E9C-4473-94AD-583831F8C0CA}.Release|Any CPU.Build.0 = Release|Any CPU
		{DFC692B0-7A15-4EAC-BE30-9633FDE09B4D}.Debug|Any CPU.ActiveCfg = Debug|Any CPU
		{DFC692B0-7A15-4EAC-BE30-9633FDE09B4D}.Debug|Any CPU.Build.0 = Debug|Any CPU
		{DFC692B0-7A15-4EAC-BE30-9633FDE09B4D}.Release|Any CPU.ActiveCfg = Release|Any CPU
		{DFC692B0-7A15-4EAC-BE30-9633FDE09B4D}.Release|Any CPU.Build.0 = Release|Any CPU
		{3C26A2FF-6401-42BA-94F6-657D6162A9E1}.Debug|Any CPU.ActiveCfg = Debug|Any CPU
		{3C26A2FF-6401-42BA-94F6-657D6162A9E1}.Debug|Any CPU.Build.0 = Debug|Any CPU
		{3C26A2FF-6401-42BA-94F6-657D6162A9E1}.Release|Any CPU.ActiveCfg = Release|Any CPU
		{3C26A2FF-6401-42BA-94F6-657D6162A9E1}.Release|Any CPU.Build.0 = Release|Any CPU
		{929188D1-53EF-4F0F-8D1A-462263DA4467}.Debug|Any CPU.ActiveCfg = Debug|Any CPU
		{929188D1-53EF-4F0F-8D1A-462263DA4467}.Debug|Any CPU.Build.0 = Debug|Any CPU
		{929188D1-53EF-4F0F-8D1A-462263DA4467}.Release|Any CPU.ActiveCfg = Release|Any CPU
		{929188D1-53EF-4F0F-8D1A-462263DA4467}.Release|Any CPU.Build.0 = Release|Any CPU
		{E4A8737E-1B6B-4F6C-90F0-3049D03AD874}.Debug|Any CPU.ActiveCfg = Debug|Any CPU
		{E4A8737E-1B6B-4F6C-90F0-3049D03AD874}.Debug|Any CPU.Build.0 = Debug|Any CPU
		{E4A8737E-1B6B-4F6C-90F0-3049D03AD874}.Release|Any CPU.ActiveCfg = Release|Any CPU
		{E4A8737E-1B6B-4F6C-90F0-3049D03AD874}.Release|Any CPU.Build.0 = Release|Any CPU
		{7B0985A1-BF72-497D-BA88-A2BFEDB52D18}.Debug|Any CPU.ActiveCfg = Debug|Any CPU
		{7B0985A1-BF72-497D-BA88-A2BFEDB52D18}.Debug|Any CPU.Build.0 = Debug|Any CPU
		{7B0985A1-BF72-497D-BA88-A2BFEDB52D18}.Release|Any CPU.ActiveCfg = Release|Any CPU
		{7B0985A1-BF72-497D-BA88-A2BFEDB52D18}.Release|Any CPU.Build.0 = Release|Any CPU
		{30E8CEEF-D8CD-433F-A59F-BAEB190F6FAE}.Debug|Any CPU.ActiveCfg = Debug|Any CPU
		{30E8CEEF-D8CD-433F-A59F-BAEB190F6FAE}.Debug|Any CPU.Build.0 = Debug|Any CPU
		{30E8CEEF-D8CD-433F-A59F-BAEB190F6FAE}.Release|Any CPU.ActiveCfg = Release|Any CPU
		{30E8CEEF-D8CD-433F-A59F-BAEB190F6FAE}.Release|Any CPU.Build.0 = Release|Any CPU
	EndGlobalSection
	GlobalSection(NestedProjects) = preSolution
		{F8F075F4-01C2-4DB1-90CA-0D02DC8B4B88} = {F7DBA005-8370-450C-B732-6ED41712E4BE}
		{508C0111-BB85-4609-8EEC-66D22527F6F1} = {F7DBA005-8370-450C-B732-6ED41712E4BE}
		{179129C6-8C40-45BF-B302-81C7E7862010} = {F7DBA005-8370-450C-B732-6ED41712E4BE}
		{53F55E1A-8C04-4EFA-A68E-A6AC90A420F1} = {F7DBA005-8370-450C-B732-6ED41712E4BE}
		{282B817A-8CDA-40C2-B0B9-57C33788E7E4} = {F7DBA005-8370-450C-B732-6ED41712E4BE}
		{C5D33770-CD5C-4524-B9F6-B5AEF2143410} = {F7DBA005-8370-450C-B732-6ED41712E4BE}
		{67096D67-AF55-46A1-96F6-BE563699FE7F} = {F7DBA005-8370-450C-B732-6ED41712E4BE}
		{8B59B645-7E87-4E44-9D09-CF69E4E219D0} = {F7DBA005-8370-450C-B732-6ED41712E4BE}
		{B7C68822-4D3A-41DA-9042-BBAB0BB0D447} = {F7DBA005-8370-450C-B732-6ED41712E4BE}
		{CA030033-7D63-40D3-9DD7-732E75E9C82E} = {F7DBA005-8370-450C-B732-6ED41712E4BE}
		{925C92FA-6AE1-4D56-A777-DFF34CA1A7F8} = {F7DBA005-8370-450C-B732-6ED41712E4BE}
		{2117FF12-1AD6-4947-B80B-DB599329700D} = {F8F075F4-01C2-4DB1-90CA-0D02DC8B4B88}
		{ED22BE91-A46D-4F8C-B9D0-1AF88676C498} = {F8F075F4-01C2-4DB1-90CA-0D02DC8B4B88}
		{F1A873B4-B693-4B27-9F94-038FFFA506F0} = {F8F075F4-01C2-4DB1-90CA-0D02DC8B4B88}
		{7F954D4D-38BB-4621-8BD5-357284060384} = {508C0111-BB85-4609-8EEC-66D22527F6F1}
		{4609AF7E-C772-4D3D-8BEF-542C3DD24F51} = {508C0111-BB85-4609-8EEC-66D22527F6F1}
		{811B9041-C08D-4CBE-BC4C-C2D549184CE5} = {508C0111-BB85-4609-8EEC-66D22527F6F1}
		{ACE6F6BC-2E55-422A-81D7-D41CC6DA9E1A} = {179129C6-8C40-45BF-B302-81C7E7862010}
		{3755CA12-67E6-497F-A01A-2F962D85C6F3} = {179129C6-8C40-45BF-B302-81C7E7862010}
		{65443533-A952-45AF-8331-8D1A60AF205B} = {179129C6-8C40-45BF-B302-81C7E7862010}
		{D91A74C0-9BAB-40B2-B864-D8DC1861318B} = {53F55E1A-8C04-4EFA-A68E-A6AC90A420F1}
		{59FD0A01-1D74-4859-A659-CEE77F55ACB6} = {53F55E1A-8C04-4EFA-A68E-A6AC90A420F1}
		{9A92B8C0-62C5-4BFE-A722-1A698464014C} = {282B817A-8CDA-40C2-B0B9-57C33788E7E4}
		{93B459C9-0C4B-4168-9AAA-4E7C904D7004} = {282B817A-8CDA-40C2-B0B9-57C33788E7E4}
		{D60A810B-1066-4624-A617-C3BA49A16C48} = {282B817A-8CDA-40C2-B0B9-57C33788E7E4}
		{BA00DE46-A24D-4214-8CC4-20094FE4F273} = {282B817A-8CDA-40C2-B0B9-57C33788E7E4}
		{C293941F-1729-42A2-A22E-7015AB0D0017} = {282B817A-8CDA-40C2-B0B9-57C33788E7E4}
		{D2D3A478-7941-43EE-B700-81801AFD364F} = {282B817A-8CDA-40C2-B0B9-57C33788E7E4}
		{A5A9F978-3228-42DF-A2E7-A7CBC43DA6C7} = {282B817A-8CDA-40C2-B0B9-57C33788E7E4}
		{790EA541-A202-4F11-A1F1-774F0B3A56B8} = {282B817A-8CDA-40C2-B0B9-57C33788E7E4}
		{06FB44A7-973D-49DB-8864-E21046507390} = {282B817A-8CDA-40C2-B0B9-57C33788E7E4}
		{FF2F5F36-5B9B-4D56-A516-7296779940CB} = {C5D33770-CD5C-4524-B9F6-B5AEF2143410}
		{F3B33651-012A-4991-8439-D90C33597A7A} = {C5D33770-CD5C-4524-B9F6-B5AEF2143410}
		{A9071FF2-F75E-4A3D-9E8B-3B06B5D0EDF2} = {C5D33770-CD5C-4524-B9F6-B5AEF2143410}
		{C0594579-2BF7-47D6-8A40-48DFE4AC2C90} = {C5D33770-CD5C-4524-B9F6-B5AEF2143410}
		{B6065201-235B-4CDE-8FEE-785B90680E9A} = {C5D33770-CD5C-4524-B9F6-B5AEF2143410}
		{5B8BB8D2-3495-478D-ADFF-4A9BAA10C535} = {C5D33770-CD5C-4524-B9F6-B5AEF2143410}
		{F115C34D-2F75-46D4-9DCC-4D640AAB8BD4} = {C5D33770-CD5C-4524-B9F6-B5AEF2143410}
		{9513EC83-6DD7-4760-A8F2-6C17487F5F64} = {67096D67-AF55-46A1-96F6-BE563699FE7F}
		{A40176A2-D394-4D83-844E-E5EF1BBA9AC0} = {67096D67-AF55-46A1-96F6-BE563699FE7F}
		{EBE726E6-9C7A-4771-B13D-D289D7C8D022} = {67096D67-AF55-46A1-96F6-BE563699FE7F}
		{22CA2E06-8C21-4923-92F6-E598383266D3} = {67096D67-AF55-46A1-96F6-BE563699FE7F}
		{0C335CB4-AC1B-40A0-995C-204725CC0573} = {67096D67-AF55-46A1-96F6-BE563699FE7F}
		{C5E290E6-3F10-4B30-910D-2B7E8D006D8A} = {8B59B645-7E87-4E44-9D09-CF69E4E219D0}
		{5A8B5866-16E3-4E41-B7EA-C73AF1330777} = {8B59B645-7E87-4E44-9D09-CF69E4E219D0}
		{2EB4C6FD-B12B-48C3-9C76-36DA9A8C41B7} = {8B59B645-7E87-4E44-9D09-CF69E4E219D0}
		{876076FE-4215-4E45-BC34-E33A431E129A} = {8B59B645-7E87-4E44-9D09-CF69E4E219D0}
		{5B81F72B-D2DD-498B-A975-5884080F447C} = {B7C68822-4D3A-41DA-9042-BBAB0BB0D447}
		{05E99303-3728-44AC-8B5C-FBDD23190F04} = {B7C68822-4D3A-41DA-9042-BBAB0BB0D447}
		{7DFFA16C-E1D9-4C3D-B3C6-C718EFE67132} = {B7C68822-4D3A-41DA-9042-BBAB0BB0D447}
		{B6D5CF9F-260D-4F75-8410-43F316044587} = {B7C68822-4D3A-41DA-9042-BBAB0BB0D447}
		{A44B5C99-2CD5-4306-B2FE-A8EFB7265031} = {B7C68822-4D3A-41DA-9042-BBAB0BB0D447}
		{F97B785D-5CCF-49A4-A00A-546130D93842} = {CA030033-7D63-40D3-9DD7-732E75E9C82E}
		{C2531B2F-62F2-46A3-9D1E-16D65BB3D2CF} = {CA030033-7D63-40D3-9DD7-732E75E9C82E}
		{91B5D214-38A6-4A97-8F4B-DEBD8E4EDD97} = {CA030033-7D63-40D3-9DD7-732E75E9C82E}
		{CE1E7AF6-0124-423D-A5C6-4845192148AB} = {CA030033-7D63-40D3-9DD7-732E75E9C82E}
		{03CAA50D-E6A1-4FC9-A0AB-577E575F5520} = {CA030033-7D63-40D3-9DD7-732E75E9C82E}
		{0A49FCAB-0DD5-4122-A16B-57468CE30B82} = {CA030033-7D63-40D3-9DD7-732E75E9C82E}
		{E1174B64-941F-453B-8C7B-0E81D17BFDBD} = {CA030033-7D63-40D3-9DD7-732E75E9C82E}
		{171F55C3-6C53-4955-A7DB-A592BB98E351} = {925C92FA-6AE1-4D56-A777-DFF34CA1A7F8}
		{297D6C61-7D1F-4693-99F3-AAACE3C08ABC} = {925C92FA-6AE1-4D56-A777-DFF34CA1A7F8}
		{F8BDD5F4-C5D7-4A75-B979-56322B42AB58} = {925C92FA-6AE1-4D56-A777-DFF34CA1A7F8}
		{C35F6046-353A-4887-9555-F409B4F8682B} = {925C92FA-6AE1-4D56-A777-DFF34CA1A7F8}
		{AC884F09-1DBA-42C1-95A2-E69D737CB63F} = {925C92FA-6AE1-4D56-A777-DFF34CA1A7F8}
		{CBEAD0D6-9880-4ED3-AECB-E3F771DD11FA} = {925C92FA-6AE1-4D56-A777-DFF34CA1A7F8}
		{F347B47A-25C7-41AB-B6D4-B93CFD73D4EA} = {925C92FA-6AE1-4D56-A777-DFF34CA1A7F8}
		{658DB3DB-1C49-4CD4-9FA0-A2BCD4CBEA9F} = {C1A843F3-2E4E-4A49-8911-CB900A971ABA}
		{83201133-052C-4FCA-B1F4-FD2AE7B08818} = {C1A843F3-2E4E-4A49-8911-CB900A971ABA}
		{BCBA6981-7D29-4605-91CC-5C08DEF9C264} = {C1A843F3-2E4E-4A49-8911-CB900A971ABA}
		{529E8ABA-9F35-4D26-B655-57CD0B8B9D84} = {C1A843F3-2E4E-4A49-8911-CB900A971ABA}
		{6C77D4FF-A6FC-4643-A057-8B512B7F27E5} = {C1A843F3-2E4E-4A49-8911-CB900A971ABA}
		{0B55DA8A-4E9C-4473-94AD-583831F8C0CA} = {C1A843F3-2E4E-4A49-8911-CB900A971ABA}
		{DFC692B0-7A15-4EAC-BE30-9633FDE09B4D} = {C1A843F3-2E4E-4A49-8911-CB900A971ABA}
		{3C26A2FF-6401-42BA-94F6-657D6162A9E1} = {C1A843F3-2E4E-4A49-8911-CB900A971ABA}
		{929188D1-53EF-4F0F-8D1A-462263DA4467} = {C1A843F3-2E4E-4A49-8911-CB900A971ABA}
		{E4A8737E-1B6B-4F6C-90F0-3049D03AD874} = {C1A843F3-2E4E-4A49-8911-CB900A971ABA}
		{7B0985A1-BF72-497D-BA88-A2BFEDB52D18} = {C1A843F3-2E4E-4A49-8911-CB900A971ABA}
		{30E8CEEF-D8CD-433F-A59F-BAEB190F6FAE} = {C1A843F3-2E4E-4A49-8911-CB900A971ABA}
	EndGlobalSection
	GlobalSection(SolutionProperties) = preSolution
		HideSolutionNode = FALSE
	EndGlobalSection
EndGlobal
