<Solution>
  <Folder Name="/src/">
    <Project Path="src/ArchonAI.Common/ArchonAI.Common.csproj" />
    <Project Path="src/ArchonAI.Core/ArchonAI.Core.csproj" />
    <Project Path="src/ArchonAI.Infrastructure/ArchonAI.Infrastructure.csproj" />
<Project Path="src/ArchonAI.Runtime/ArchonAI.Runtime.csproj" />
    <Project Path="src/ArchonAI.Reasoner/ArchonAI.Reasoner.csproj" />
    <Project Path="src/ArchonAI.StrategicPlanner/ArchonAI.StrategicPlanner.csproj" />
    <Project Path="src/ArchonAI.Registry/ArchonAI.Registry.csproj" />
    <Project Path="src/ArchonAI.Evaluation/ArchonAI.Evaluation.csproj" />
    <Project Path="src/ArchonAI.Policy/ArchonAI.Policy.csproj" />
    <Project Path="src/ArchonAI.Simulation/ArchonAI.Simulation.csproj" />
    <Project Path="src/ArchonAI.Scheduler/ArchonAI.Scheduler.csproj" />
    <Project Path="src/ArchonAI.Knowledge/ArchonAI.Knowledge.csproj" />
    <Project Path="src/ArchonAI.KnowledgeGraph/ArchonAI.KnowledgeGraph.csproj" />
    <Project Path="src/ArchonAI.Models/ArchonAI.Models.csproj" />
    <Project Path="src/ArchonAI.ModelRouter/ArchonAI.ModelRouter.csproj" />
    <Project Path="src/ArchonAI.Trace/ArchonAI.Trace.csproj" />
    <Project Path="src/ArchonAI.Telemetry/ArchonAI.Telemetry.csproj" />
    <Project Path="src/ArchonAI.Patterns/ArchonAI.Patterns.csproj" />
    <Project Path="src/ArchonAI.OrganizationState/ArchonAI.OrganizationState.csproj" />
    <Project Path="src/ArchonAI.PatternDiscovery/ArchonAI.PatternDiscovery.csproj" />
    <Project Path="src/ArchonAI.Learning/ArchonAI.Learning.csproj" />
    <Project Path="src/ArchonAI.Optimization/ArchonAI.Optimization.csproj" />
    <Project Path="src/ArchonAI.DataFabric/ArchonAI.DataFabric.csproj" />
    <Project Path="src/ArchonAI.MultiTenant/ArchonAI.MultiTenant.csproj" />
    <Project Path="src/ArchonAI.Strategy/ArchonAI.Strategy.csproj" />
    <Project Path="src/ArchonAI.Governance/ArchonAI.Governance.csproj" />
    <Project Path="src/ArchonAI.Supervisor/ArchonAI.Supervisor.csproj" />
    <Project Path="src/ArchonAI.Sandbox/ArchonAI.Sandbox.csproj" />
    <Project Path="src/ArchonAI.Orchestrator/ArchonAI.Orchestrator.csproj" />
    <Project Path="src/ArchonAI.Identity/ArchonAI.Identity.csproj" />
    <Project Path="src/ArchonAI.Context/ArchonAI.Context.csproj" />
    <Project Path="src/ArchonAI.Perception/ArchonAI.Perception.csproj" />
    <Project Path="src/ArchonAI.Workflow/ArchonAI.Workflow.csproj" />
    <Project Path="src/ArchonAI.WorkflowRuntime/ArchonAI.WorkflowRuntime.csproj" />
    <Project Path="src/ArchonAI.TaskRuntime/ArchonAI.TaskRuntime.csproj" />
    <Project Path="src/ArchonAI.Memory/ArchonAI.Memory.csproj" />
<Project Path="src/ArchonAI.Agents/ArchonAI.Agents.csproj" />
    <Project Path="src/ArchonAI.Connectors/ArchonAI.Connectors.csproj" />
    <Project Path="src/ArchonAI.Plugins/ArchonAI.Plugins.csproj" />
    <Project Path="src/ArchonAI.Agents.Operations/ArchonAI.Agents.Operations.csproj" />
    <Project Path="src/ArchonAI.Agents.Finance/ArchonAI.Agents.Finance.csproj" />
    <Project Path="src/ArchonAI.Agents.Sales/ArchonAI.Agents.Sales.csproj" />
    <Project Path="src/ArchonAI.Agents.Marketing/ArchonAI.Agents.Marketing.csproj" />
    <Project Path="src/ArchonAI.Agents.Support/ArchonAI.Agents.Support.csproj" />
    <Project Path="src/ArchonAI.AdminAPI/ArchonAI.AdminAPI.csproj" />
    <Project Path="src/ArchonAI.Api/ArchonAI.Api.csproj" />
    <Project Path="src/ArchonAI.ControlPlane/ArchonAI.ControlPlane.csproj" />
    <Project Path="src/ArchonAI.Gateway/ArchonAI.Gateway.csproj" />
    <Project Path="src/ArchonAI.WorkflowDesigner/ArchonAI.WorkflowDesigner.csproj" />
    <Project Path="src/ArchonAI.AgentRegistry/ArchonAI.AgentRegistry.csproj" />
    <Project Path="src/ArchonAI.StrategyLibrary/ArchonAI.StrategyLibrary.csproj" />
    <Project Path="src/ArchonAI.WorkflowSimulation/ArchonAI.WorkflowSimulation.csproj" />
    <Project Path="src/ArchonAI.Persistence/ArchonAI.Persistence.csproj" />
    <Project Path="src/ArchonAI.Migrations/ArchonAI.Migrations.csproj" />
    <Project Path="src/ArchonAI.IntelligenceLoop/ArchonAI.IntelligenceLoop.csproj" />
  </Folder>
  <Folder Name="/tests/">
    <Project Path="tests/ArchonAI.Connectors.Tests/ArchonAI.Connectors.Tests.csproj" />
    <Project Path="tests/ArchonAI.Agents.Operations.Tests/ArchonAI.Agents.Operations.Tests.csproj" />
    <Project Path="tests/ArchonAI.Agents.Finance.Tests/ArchonAI.Agents.Finance.Tests.csproj" />
    <Project Path="tests/ArchonAI.Agents.Sales.Tests/ArchonAI.Agents.Sales.Tests.csproj" />
    <Project Path="tests/ArchonAI.Agents.Marketing.Tests/ArchonAI.Agents.Marketing.Tests.csproj" />
    <Project Path="tests/ArchonAI.Agents.Support.Tests/ArchonAI.Agents.Support.Tests.csproj" />
    <Project Path="tests/ArchonAI.AdminAPI.Tests/ArchonAI.AdminAPI.Tests.csproj" />
    <Project Path="tests/ArchonAI.WorkflowDesigner.Tests/ArchonAI.WorkflowDesigner.Tests.csproj" />
    <Project Path="tests/ArchonAI.Tests/ArchonAI.Tests.csproj" />
    <Project Path="tests/ArchonAI.Enterprise.Tests/ArchonAI.Enterprise.Tests.csproj" />
    <Project Path="tests/ArchonAI.ActionSafety.Tests/ArchonAI.ActionSafety.Tests.csproj" />
    <Project Path="tests/ArchonAI.ProofAnalytics.Tests/ArchonAI.ProofAnalytics.Tests.csproj" />
    <Project Path="tests/ArchonAI.Governance.Tests/ArchonAI.Governance.Tests.csproj" />
    <Project Path="tests/ArchonAI.Runtime.Tests/ArchonAI.Runtime.Tests.csproj" />
  </Folder>
</Solution>
